
Microsoft Visual Studio Solution File, Format Version 12.00
Project("{FAE04EC0-301F-11D3-BF4B-00C04F79EFBC}") = "Booking_Gruppe", "Booking_Gruppe\Booking_Gruppe.csproj", "{FFCD649B-911B-4F0F-8671-A79A8E1791E3}"
EndProject
Global
	GlobalSection(SolutionConfigurationPlatforms) = preSolution
		Debug|Any CPU = Debug|Any CPU
		Release|Any CPU = Release|Any CPU
	EndGlobalSection
	GlobalSection(ProjectConfigurationPlatforms) = postSolution
		{FFCD649B-911B-4F0F-8671-A79A8E1791E3}.Debug|Any CPU.ActiveCfg = Debug|Any CPU
		{FFCD649B-911B-4F0F-8671-A79A8E1791E3}.Debug|Any CPU.Build.0 = Debug|Any CPU
		{FFCD649B-911B-4F0F-8671-A79A8E1791E3}.Release|Any CPU.ActiveCfg = Release|Any CPU
		{FFCD649B-911B-4F0F-8671-A79A8E1791E3}.Release|Any CPU.Build.0 = Release|Any CPU
	EndGlobalSection
EndGlobal
